// !$*UTF8*$!
{
	archiveVersion = 1;
	classes = {
	};
	objectVersion = 46;
	objects = {

/* Begin PBXBuildFile section */
		34BD310415E8C3C1007C0FF9 /* UIKit.framework in Frameworks */ = {isa = PBXBuildFile; fileRef = 34BD310315E8C3C1007C0FF9 /* UIKit.framework */; };
		34BD310615E8C3C1007C0FF9 /* Foundation.framework in Frameworks */ = {isa = PBXBuildFile; fileRef = 34BD310515E8C3C1007C0FF9 /* Foundation.framework */; };
		34BD310815E8C3C1007C0FF9 /* CoreGraphics.framework in Frameworks */ = {isa = PBXBuildFile; fileRef = 34BD310715E8C3C1007C0FF9 /* CoreGraphics.framework */; };
		34BD310E15E8C3C1007C0FF9 /* InfoPlist.strings in Resources */ = {isa = PBXBuildFile; fileRef = 34BD310C15E8C3C1007C0FF9 /* InfoPlist.strings */; };
		34BD311015E8C3C1007C0FF9 /* main.m in Sources */ = {isa = PBXBuildFile; fileRef = 34BD310F15E8C3C1007C0FF9 /* main.m */; };
		34BD311415E8C3C1007C0FF9 /* HelloVVAppDelegate.m in Sources */ = {isa = PBXBuildFile; fileRef = 34BD311315E8C3C1007C0FF9 /* HelloVVAppDelegate.m */; };
		34BD311715E8C3C1007C0FF9 /* MainStoryboard_iPhone.storyboard in Resources */ = {isa = PBXBuildFile; fileRef = 34BD311515E8C3C1007C0FF9 /* MainStoryboard_iPhone.storyboard */; };
		34BD311A15E8C3C1007C0FF9 /* MainStoryboard_iPad.storyboard in Resources */ = {isa = PBXBuildFile; fileRef = 34BD311815E8C3C1007C0FF9 /* MainStoryboard_iPad.storyboard */; };
		34BD311D15E8C3C1007C0FF9 /* HelloVVViewController.m in Sources */ = {isa = PBXBuildFile; fileRef = 34BD311C15E8C3C1007C0FF9 /* HelloVVViewController.m */; };
/* End PBXBuildFile section */

/* Begin PBXFileReference section */
		34BD30FF15E8C3C1007C0FF9 /* HelloVV.app */ = {isa = PBXFileReference; explicitFileType = wrapper.application; includeInIndex = 0; path = HelloVV.app; sourceTree = BUILT_PRODUCTS_DIR; };
		34BD310315E8C3C1007C0FF9 /* UIKit.framework */ = {isa = PBXFileReference; lastKnownFileType = wrapper.framework; name = UIKit.framework; path = System/Library/Frameworks/UIKit.framework; sourceTree = SDKROOT; };
		34BD310515E8C3C1007C0FF9 /* Foundation.framework */ = {isa = PBXFileReference; lastKnownFileType = wrapper.framework; name = Foundation.framework; path = System/Library/Frameworks/Foundation.framework; sourceTree = SDKROOT; };
		34BD310715E8C3C1007C0FF9 /* CoreGraphics.framework */ = {isa = PBXFileReference; lastKnownFileType = wrapper.framework; name = CoreGraphics.framework; path = System/Library/Frameworks/CoreGraphics.framework; sourceTree = SDKROOT; };
		34BD310B15E8C3C1007C0FF9 /* HelloVV-Info.plist */ = {isa = PBXFileReference; lastKnownFileType = text.plist.xml; path = "HelloVV-Info.plist"; sourceTree = "<group>"; };
		34BD310D15E8C3C1007C0FF9 /* en */ = {isa = PBXFileReference; lastKnownFileType = text.plist.strings; name = en; path = en.lproj/InfoPlist.strings; sourceTree = "<group>"; };
		34BD310F15E8C3C1007C0FF9 /* main.m */ = {isa = PBXFileReference; lastKnownFileType = sourcecode.c.objc; path = main.m; sourceTree = "<group>"; };
		34BD311115E8C3C1007C0FF9 /* HelloVV-Prefix.pch */ = {isa = PBXFileReference; lastKnownFileType = sourcecode.c.h; path = "HelloVV-Prefix.pch"; sourceTree = "<group>"; };
		34BD311215E8C3C1007C0FF9 /* HelloVVAppDelegate.h */ = {isa = PBXFileReference; lastKnownFileType = sourcecode.c.h; path = HelloVVAppDelegate.h; sourceTree = "<group>"; };
		34BD311315E8C3C1007C0FF9 /* HelloVVAppDelegate.m */ = {isa = PBXFileReference; lastKnownFileType = sourcecode.c.objc; path = HelloVVAppDelegate.m; sourceTree = "<group>"; };
		34BD311615E8C3C1007C0FF9 /* en */ = {isa = PBXFileReference; lastKnownFileType = file.storyboard; name = en; path = en.lproj/MainStoryboard_iPhone.storyboard; sourceTree = "<group>"; };
		34BD311915E8C3C1007C0FF9 /* en */ = {isa = PBXFileReference; lastKnownFileType = file.storyboard; name = en; path = en.lproj/MainStoryboard_iPad.storyboard; sourceTree = "<group>"; };
		34BD311B15E8C3C1007C0FF9 /* HelloVVViewController.h */ = {isa = PBXFileReference; lastKnownFileType = sourcecode.c.h; path = HelloVVViewController.h; sourceTree = "<group>"; };
		34BD311C15E8C3C1007C0FF9 /* HelloVVViewController.m */ = {isa = PBXFileReference; lastKnownFileType = sourcecode.c.objc; path = HelloVVViewController.m; sourceTree = "<group>"; };
/* End PBXFileReference section */

/* Begin PBXFrameworksBuildPhase section */
		34BD30FC15E8C3C1007C0FF9 /* Frameworks */ = {
			isa = PBXFrameworksBuildPhase;
			buildActionMask = 2147483647;
			files = (
				34BD310415E8C3C1007C0FF9 /* UIKit.framework in Frameworks */,
				34BD310615E8C3C1007C0FF9 /* Foundation.framework in Frameworks */,
				34BD310815E8C3C1007C0FF9 /* CoreGraphics.framework in Frameworks */,
			);
			runOnlyForDeploymentPostprocessing = 0;
		};
/* End PBXFrameworksBuildPhase section */

/* Begin PBXGroup section */
		34BD30F415E8C3C0007C0FF9 = {
			isa = PBXGroup;
			children = (
				34BD310915E8C3C1007C0FF9 /* HelloVV */,
				34BD310215E8C3C1007C0FF9 /* Frameworks */,
				34BD310015E8C3C1007C0FF9 /* Products */,
			);
			sourceTree = "<group>";
		};
		34BD310015E8C3C1007C0FF9 /* Products */ = {
			isa = PBXGroup;
			children = (
				34BD30FF15E8C3C1007C0FF9 /* HelloVV.app */,
			);
			name = Products;
			sourceTree = "<group>";
		};
		34BD310215E8C3C1007C0FF9 /* Frameworks */ = {
			isa = PBXGroup;
			children = (
				34BD310315E8C3C1007C0FF9 /* UIKit.framework */,
				34BD310515E8C3C1007C0FF9 /* Foundation.framework */,
				34BD310715E8C3C1007C0FF9 /* CoreGraphics.framework */,
			);
			name = Frameworks;
			sourceTree = "<group>";
		};
		34BD310915E8C3C1007C0FF9 /* HelloVV */ = {
			isa = PBXGroup;
			children = (
				34BD311215E8C3C1007C0FF9 /* HelloVVAppDelegate.h */,
				34BD311315E8C3C1007C0FF9 /* HelloVVAppDelegate.m */,
				34BD311515E8C3C1007C0FF9 /* MainStoryboard_iPhone.storyboard */,
				34BD311815E8C3C1007C0FF9 /* MainStoryboard_iPad.storyboard */,
				34BD311B15E8C3C1007C0FF9 /* HelloVVViewController.h */,
				34BD311C15E8C3C1007C0FF9 /* HelloVVViewController.m */,
				34BD310A15E8C3C1007C0FF9 /* Supporting Files */,
			);
			path = HelloVV;
			sourceTree = "<group>";
		};
		34BD310A15E8C3C1007C0FF9 /* Supporting Files */ = {
			isa = PBXGroup;
			children = (
				34BD310B15E8C3C1007C0FF9 /* HelloVV-Info.plist */,
				34BD310C15E8C3C1007C0FF9 /* InfoPlist.strings */,
				34BD310F15E8C3C1007C0FF9 /* main.m */,
				34BD311115E8C3C1007C0FF9 /* HelloVV-Prefix.pch */,
			);
			name = "Supporting Files";
			sourceTree = "<group>";
		};
/* End PBXGroup section */

/* Begin PBXNativeTarget section */
		34BD30FE15E8C3C1007C0FF9 /* HelloVV */ = {
			isa = PBXNativeTarget;
			buildConfigurationList = 34BD312015E8C3C1007C0FF9 /* Build configuration list for PBXNativeTarget "HelloVV" */;
			buildPhases = (
				34BD30FB15E8C3C1007C0FF9 /* Sources */,
				34BD30FC15E8C3C1007C0FF9 /* Frameworks */,
				34BD30FD15E8C3C1007C0FF9 /* Resources */,
			);
			buildRules = (
			);
			dependencies = (
			);
			name = HelloVV;
			productName = HelloVV;
			productReference = 34BD30FF15E8C3C1007C0FF9 /* HelloVV.app */;
			productType = "com.apple.product-type.application";
		};
/* End PBXNativeTarget section */

/* Begin PBXProject section */
		34BD30F615E8C3C0007C0FF9 /* Project object */ = {
			isa = PBXProject;
			attributes = {
				CLASSPREFIX = HelloVV;
				LastUpgradeCheck = 0440;
				ORGANIZATIONNAME = VVBS;
			};
			buildConfigurationList = 34BD30F915E8C3C0007C0FF9 /* Build configuration list for PBXProject "HelloVV" */;
			compatibilityVersion = "Xcode 3.2";
			developmentRegion = English;
			hasScannedForEncodings = 0;
			knownRegions = (
				en,
			);
			mainGroup = 34BD30F415E8C3C0007C0FF9;
			productRefGroup = 34BD310015E8C3C1007C0FF9 /* Products */;
			projectDirPath = "";
			projectRoot = "";
			targets = (
				34BD30FE15E8C3C1007C0FF9 /* HelloVV */,
			);
		};
/* End PBXProject section */

/* Begin PBXResourcesBuildPhase section */
		34BD30FD15E8C3C1007C0FF9 /* Resources */ = {
			isa = PBXResourcesBuildPhase;
			buildActionMask = 2147483647;
			files = (
				34BD310E15E8C3C1007C0FF9 /* InfoPlist.strings in Resources */,
				34BD311715E8C3C1007C0FF9 /* MainStoryboard_iPhone.storyboard in Resources */,
				34BD311A15E8C3C1007C0FF9 /* MainStoryboard_iPad.storyboard in Resources */,
			);
			runOnlyForDeploymentPostprocessing = 0;
		};
/* End PBXResourcesBuildPhase section */

/* Begin PBXSourcesBuildPhase section */
		34BD30FB15E8C3C1007C0FF9 /* Sources */ = {
			isa = PBXSourcesBuildPhase;
			buildActionMask = 2147483647;
			files = (
				34BD311015E8C3C1007C0FF9 /* main.m in Sources */,
				34BD311415E8C3C1007C0FF9 /* HelloVVAppDelegate.m in Sources */,
				34BD311D15E8C3C1007C0FF9 /* HelloVVViewController.m in Sources */,
			);
			runOnlyForDeploymentPostprocessing = 0;
		};
/* End PBXSourcesBuildPhase section */

/* Begin PBXVariantGroup section */
		34BD310C15E8C3C1007C0FF9 /* InfoPlist.strings */ = {
			isa = PBXVariantGroup;
			children = (
				34BD310D15E8C3C1007C0FF9 /* en */,
			);
			name = InfoPlist.strings;
			sourceTree = "<group>";
		};
		34BD311515E8C3C1007C0FF9 /* MainStoryboard_iPhone.storyboard */ = {
			isa = PBXVariantGroup;
			children = (
				34BD311615E8C3C1007C0FF9 /* en */,
			);
			name = MainStoryboard_iPhone.storyboard;
			sourceTree = "<group>";
		};
		34BD311815E8C3C1007C0FF9 /* MainStoryboard_iPad.storyboard */ = {
			isa = PBXVariantGroup;
			children = (
				34BD311915E8C3C1007C0FF9 /* en */,
			);
			name = MainStoryboard_iPad.storyboard;
			sourceTree = "<group>";
		};
/* End PBXVariantGroup section */

/* Begin XCBuildConfiguration section */
		34BD311E15E8C3C1007C0FF9 /* Debug */ = {
			isa = XCBuildConfiguration;
			buildSettings = {
				ALWAYS_SEARCH_USER_PATHS = NO;
				ARCHS = "$(ARCHS_STANDARD_32_BIT)";
				CLANG_CXX_LANGUAGE_STANDARD = "gnu++0x";
				CLANG_ENABLE_OBJC_ARC = YES;
				CLANG_WARN__DUPLICATE_METHOD_MATCH = YES;
				"CODE_SIGN_IDENTITY[sdk=iphoneos*]" = "iPhone Developer";
				COPY_PHASE_STRIP = NO;
				GCC_C_LANGUAGE_STANDARD = gnu99;
				GCC_DYNAMIC_NO_PIC = NO;
				GCC_OPTIMIZATION_LEVEL = 0;
				GCC_PREPROCESSOR_DEFINITIONS = (
					"DEBUG=1",
					"$(inherited)",
				);
				GCC_SYMBOLS_PRIVATE_EXTERN = NO;
				GCC_VERSION = com.apple.compilers.llvm.clang.1_0;
				GCC_WARN_ABOUT_RETURN_TYPE = YES;
				GCC_WARN_UNINITIALIZED_AUTOS = YES;
				GCC_WARN_UNUSED_VARIABLE = YES;
				IPHONEOS_DEPLOYMENT_TARGET = 5.1;
				SDKROOT = iphoneos;
				TARGETED_DEVICE_FAMILY = "1,2";
			};
			name = Debug;
		};
		34BD311F15E8C3C1007C0FF9 /* Release */ = {
			isa = XCBuildConfiguration;
			buildSettings = {
				ALWAYS_SEARCH_USER_PATHS = NO;
				ARCHS = "$(ARCHS_STANDARD_32_BIT)";
				CLANG_CXX_LANGUAGE_STANDARD = "gnu++0x";
				CLANG_ENABLE_OBJC_ARC = YES;
				CLANG_WARN__DUPLICATE_METHOD_MATCH = YES;
				"CODE_SIGN_IDENTITY[sdk=iphoneos*]" = "iPhone Developer";
				COPY_PHASE_STRIP = YES;
				GCC_C_LANGUAGE_STANDARD = gnu99;
				GCC_VERSION = com.apple.compilers.llvm.clang.1_0;
				GCC_WARN_ABOUT_RETURN_TYPE = YES;
				GCC_WARN_UNINITIALIZED_AUTOS = YES;
				GCC_WARN_UNUSED_VARIABLE = YES;
				IPHONEOS_DEPLOYMENT_TARGET = 5.1;
				OTHER_CFLAGS = "-DNS_BLOCK_ASSERTIONS=1";
				SDKROOT = iphoneos;
				TARGETED_DEVICE_FAMILY = "1,2";
				VALIDATE_PRODUCT = YES;
			};
			name = Release;
		};
		34BD312115E8C3C1007C0FF9 /* Debug */ = {
			isa = XCBuildConfiguration;
			buildSettings = {
				GCC_PRECOMPILE_PREFIX_HEADER = YES;
				GCC_PREFIX_HEADER = "HelloVV/HelloVV-Prefix.pch";
				INFOPLIST_FILE = "HelloVV/HelloVV-Info.plist";
				PRODUCT_NAME = "$(TARGET_NAME)";
				WRAPPER_EXTENSION = app;
			};
			name = Debug;
		};
		34BD312215E8C3C1007C0FF9 /* Release */ = {
			isa = XCBuildConfiguration;
			buildSettings = {
				GCC_PRECOMPILE_PREFIX_HEADER = YES;
				GCC_PREFIX_HEADER = "HelloVV/HelloVV-Prefix.pch";
				INFOPLIST_FILE = "HelloVV/HelloVV-Info.plist";
				PRODUCT_NAME = "$(TARGET_NAME)";
				WRAPPER_EXTENSION = app;
			};
			name = Release;
		};
/* End XCBuildConfiguration section */

/* Begin XCConfigurationList section */
		34BD30F915E8C3C0007C0FF9 /* Build configuration list for PBXProject "HelloVV" */ = {
			isa = XCConfigurationList;
			buildConfigurations = (
				34BD311E15E8C3C1007C0FF9 /* Debug */,
				34BD311F15E8C3C1007C0FF9 /* Release */,
			);
			defaultConfigurationIsVisible = 0;
			defaultConfigurationName = Release;
		};
		34BD312015E8C3C1007C0FF9 /* Build configuration list for PBXNativeTarget "HelloVV" */ = {
			isa = XCConfigurationList;
			buildConfigurations = (
				34BD312115E8C3C1007C0FF9 /* Debug */,
				34BD312215E8C3C1007C0FF9 /* Release */,
			);
			defaultConfigurationIsVisible = 0;
		};
/* End XCConfigurationList section */
	};
	rootObject = 34BD30F615E8C3C0007C0FF9 /* Project object */;
}
